
Microsoft Visual Studio Solution File, Format Version 11.00
# Visual Studio 2010
Project("{FAE04EC0-301F-11D3-BF4B-00C04F79EFBC}") = "Assembly-CSharp", "Assembly-CSharp.csproj", "{8349d0d0-fe03-1919-e665-81e9b6c1763f}"
EndProject
Project("{FAE04EC0-301F-11D3-BF4B-00C04F79EFBC}") = "Assembly-CSharp-Editor", "Assembly-CSharp-Editor.csproj", "{328de00c-42d6-a172-d149-d31adacff16d}"
EndProject
Global
	GlobalSection(SolutionConfigurationPlatforms) = preSolution
		Debug|Any CPU = Debug|Any CPU
	EndGlobalSection
	GlobalSection(ProjectConfigurationPlatforms) = postSolution
		{8349d0d0-fe03-1919-e665-81e9b6c1763f}.Debug|Any CPU.ActiveCfg = Debug|Any CPU
		{8349d0d0-fe03-1919-e665-81e9b6c1763f}.Debug|Any CPU.Build.0 = Debug|Any CPU
		{328de00c-42d6-a172-d149-d31adacff16d}.Debug|Any CPU.ActiveCfg = Debug|Any CPU
		{328de00c-42d6-a172-d149-d31adacff16d}.Debug|Any CPU.Build.0 = Debug|Any CPU
	EndGlobalSection
	GlobalSection(SolutionProperties) = preSolution
		HideSolutionNode = FALSE
	EndGlobalSection
EndGlobal
